
Microsoft Visual Studio Solution File, Format Version 12.00
# Visual Studio 15
VisualStudioVersion = 15.0.26403.7
MinimumVisualStudioVersion = 10.0.40219.1
Project("{9A19103F-16F7-4668-BE54-9A1E7A4F7556}") = "Cake.CD", "src\Cake.CD.csproj", "{80B3F969-1056-4FDA-863A-5BF44F9061D0}"
EndProject
Project("{2150E333-8FDC-42A3-9474-1A3956D46DE8}") = "Build", "Build", "{67F09A09-F5E5-497E-87F5-29CF30934264}"
	ProjectSection(SolutionItems) = preProject
		build\build.cake = build\build.cake
		build\build.ps1 = build\build.ps1
		build\Cake.CD.nuspec = build\Cake.CD.nuspec
		build\Cake.CD.portable.nuspec = build\Cake.CD.portable.nuspec
	EndProjectSection
EndProject
Project("{2150E333-8FDC-42A3-9474-1A3956D46DE8}") = "Templates", "Templates", "{D0DF1056-B55C-4F26-84FA-94E68E3EF994}"
EndProject
Project("{2150E333-8FDC-42A3-9474-1A3956D46DE8}") = "Build", "Build", "{63F507AA-E576-4A8F-8B8B-F5A0F1F7263E}"
	ProjectSection(SolutionItems) = preProject
		templates\build\build.ps1 = templates\build\build.ps1
		templates\build\BuildCake_body.csx = templates\build\BuildCake_body.csx
		templates\build\BuildCake_header.csx = templates\build\BuildCake_header.csx
		templates\build\EntityFrameworkMigrate.csx = templates\build\EntityFrameworkMigrate.csx
		templates\build\GulpProject.csx = templates\build\GulpProject.csx
		templates\build\MsBuild_body.csx = templates\build\MsBuild_body.csx
		templates\build\MsBuild_header.csx = templates\build\MsBuild_header.csx
	EndProjectSection
EndProject
Project("{2150E333-8FDC-42A3-9474-1A3956D46DE8}") = "Deploy", "Deploy", "{46733AE3-7578-4A9E-A16C-FCAF0D9E9C92}"
	ProjectSection(SolutionItems) = preProject
		templates\deploy\deploy.cake = templates\deploy\deploy.cake
		templates\deploy\deploy.ps1 = templates\deploy\deploy.ps1
	EndProjectSection
EndProject
Global
	GlobalSection(SolutionConfigurationPlatforms) = preSolution
		Debug|Any CPU = Debug|Any CPU
		Release|Any CPU = Release|Any CPU
	EndGlobalSection
	GlobalSection(ProjectConfigurationPlatforms) = postSolution
		{80B3F969-1056-4FDA-863A-5BF44F9061D0}.Debug|Any CPU.ActiveCfg = Debug|Any CPU
		{80B3F969-1056-4FDA-863A-5BF44F9061D0}.Debug|Any CPU.Build.0 = Debug|Any CPU
		{80B3F969-1056-4FDA-863A-5BF44F9061D0}.Release|Any CPU.ActiveCfg = Release|Any CPU
		{80B3F969-1056-4FDA-863A-5BF44F9061D0}.Release|Any CPU.Build.0 = Release|Any CPU
	EndGlobalSection
	GlobalSection(SolutionProperties) = preSolution
		HideSolutionNode = FALSE
	EndGlobalSection
	GlobalSection(NestedProjects) = preSolution
		{63F507AA-E576-4A8F-8B8B-F5A0F1F7263E} = {D0DF1056-B55C-4F26-84FA-94E68E3EF994}
		{46733AE3-7578-4A9E-A16C-FCAF0D9E9C92} = {D0DF1056-B55C-4F26-84FA-94E68E3EF994}
	EndGlobalSection
EndGlobal
